<?xml version="1.0" encoding="utf-8"?>
<Project ToolsVersion="4.0" xmlns="http://schemas.microsoft.com/developer/msbuild/2003">
  <ItemGroup>
    <ClCompile Include="..\..\src\main.cpp" />
    <ClCompile Include="..\..\src\Overlap.cpp" />
    <ClCompile Include="..\..\src\ResourcePathWindows.cpp" />
  </ItemGroup>
  <ItemGroup>
    <ClInclude Include="..\..\src\EndScreen.h" />
    <ClInclude Include="..\..\src\main.h" />
    <ClInclude Include="..\..\src\MovingBackground.h" />
    <ClInclude Include="..\..\src\OpeningScreen.h" />
    <ClInclude Include="..\..\src\Overlap.h" />
    <ClInclude Include="..\..\src\ResourcePath.h" />
    <ClInclude Include="..\..\src\CreditScreen.h" />
  </ItemGroup>
</Project>